// !$*UTF8*$!
{
	archiveVersion = 1;
	classes = {
	};
	objectVersion = 46;
	objects = {

/* Begin PBXBuildFile section */
		4C6C57291E95E44400601CBA /* AppDelegate.swift in Sources */ = {isa = PBXBuildFile; fileRef = 4C6C57281E95E44400601CBA /* AppDelegate.swift */; };
		4C6C572B1E95E44400601CBA /* ViewController.swift in Sources */ = {isa = PBXBuildFile; fileRef = 4C6C572A1E95E44400601CBA /* ViewController.swift */; };
		4C6C572E1E95E44400601CBA /* Main.storyboard in Resources */ = {isa = PBXBuildFile; fileRef = 4C6C572C1E95E44400601CBA /* Main.storyboard */; };
		4C6C57301E95E44400601CBA /* Assets.xcassets in Resources */ = {isa = PBXBuildFile; fileRef = 4C6C572F1E95E44400601CBA /* Assets.xcassets */; };
		4C6C57331E95E44400601CBA /* LaunchScreen.storyboard in Resources */ = {isa = PBXBuildFile; fileRef = 4C6C57311E95E44400601CBA /* LaunchScreen.storyboard */; };
		4C6C57591E95EBFA00601CBA /* lion.jpeg in Resources */ = {isa = PBXBuildFile; fileRef = 4C6C57581E95EBFA00601CBA /* lion.jpeg */; };
		4C6C575B1E95ED0000601CBA /* CollectionViewCell.swift in Sources */ = {isa = PBXBuildFile; fileRef = 4C6C575A1E95ED0000601CBA /* CollectionViewCell.swift */; };
/* End PBXBuildFile section */

/* Begin PBXFileReference section */
		4C6C57251E95E44400601CBA /* CollectionView Demo.app */ = {isa = PBXFileReference; explicitFileType = wrapper.application; includeInIndex = 0; path = "CollectionView Demo.app"; sourceTree = BUILT_PRODUCTS_DIR; };
		4C6C57281E95E44400601CBA /* AppDelegate.swift */ = {isa = PBXFileReference; lastKnownFileType = sourcecode.swift; path = AppDelegate.swift; sourceTree = "<group>"; };
		4C6C572A1E95E44400601CBA /* ViewController.swift */ = {isa = PBXFileReference; lastKnownFileType = sourcecode.swift; path = ViewController.swift; sourceTree = "<group>"; };
		4C6C572D1E95E44400601CBA /* Base */ = {isa = PBXFileReference; lastKnownFileType = file.storyboard; name = Base; path = Base.lproj/Main.storyboard; sourceTree = "<group>"; };
		4C6C572F1E95E44400601CBA /* Assets.xcassets */ = {isa = PBXFileReference; lastKnownFileType = folder.assetcatalog; path = Assets.xcassets; sourceTree = "<group>"; };
		4C6C57321E95E44400601CBA /* Base */ = {isa = PBXFileReference; lastKnownFileType = file.storyboard; name = Base; path = Base.lproj/LaunchScreen.storyboard; sourceTree = "<group>"; };
		4C6C57341E95E44400601CBA /* Info.plist */ = {isa = PBXFileReference; lastKnownFileType = text.plist.xml; path = Info.plist; sourceTree = "<group>"; };
		4C6C57581E95EBFA00601CBA /* lion.jpeg */ = {isa = PBXFileReference; lastKnownFileType = image.jpeg; path = lion.jpeg; sourceTree = "<group>"; };
		4C6C575A1E95ED0000601CBA /* CollectionViewCell.swift */ = {isa = PBXFileReference; fileEncoding = 4; lastKnownFileType = sourcecode.swift; path = CollectionViewCell.swift; sourceTree = "<group>"; };
/* End PBXFileReference section */

/* Begin PBXFrameworksBuildPhase section */
		4C6C57221E95E44400601CBA /* Frameworks */ = {
			isa = PBXFrameworksBuildPhase;
			buildActionMask = 2147483647;
			files = (
			);
			runOnlyForDeploymentPostprocessing = 0;
		};
/* End PBXFrameworksBuildPhase section */

/* Begin PBXGroup section */
		4C6C571C1E95E44400601CBA = {
			isa = PBXGroup;
			children = (
				4C6C57271E95E44400601CBA /* CollectionView Demo */,
				4C6C57261E95E44400601CBA /* Products */,
			);
			sourceTree = "<group>";
		};
		4C6C57261E95E44400601CBA /* Products */ = {
			isa = PBXGroup;
			children = (
				4C6C57251E95E44400601CBA /* CollectionView Demo.app */,
			);
			name = Products;
			sourceTree = "<group>";
		};
		4C6C57271E95E44400601CBA /* CollectionView Demo */ = {
			isa = PBXGroup;
			children = (
				4C6C57281E95E44400601CBA /* AppDelegate.swift */,
				4C6C572A1E95E44400601CBA /* ViewController.swift */,
				4C6C575A1E95ED0000601CBA /* CollectionViewCell.swift */,
				4C6C572C1E95E44400601CBA /* Main.storyboard */,
				4C6C572F1E95E44400601CBA /* Assets.xcassets */,
				4C6C57581E95EBFA00601CBA /* lion.jpeg */,
				4C6C57311E95E44400601CBA /* LaunchScreen.storyboard */,
				4C6C57341E95E44400601CBA /* Info.plist */,
			);
			path = "CollectionView Demo";
			sourceTree = "<group>";
		};
/* End PBXGroup section */

/* Begin PBXNativeTarget section */
		4C6C57241E95E44400601CBA /* CollectionView Demo */ = {
			isa = PBXNativeTarget;
			buildConfigurationList = 4C6C57371E95E44400601CBA /* Build configuration list for PBXNativeTarget "CollectionView Demo" */;
			buildPhases = (
				4C6C57211E95E44400601CBA /* Sources */,
				4C6C57221E95E44400601CBA /* Frameworks */,
				4C6C57231E95E44400601CBA /* Resources */,
			);
			buildRules = (
			);
			dependencies = (
			);
			name = "CollectionView Demo";
			productName = "CollectionView Demo";
			productReference = 4C6C57251E95E44400601CBA /* CollectionView Demo.app */;
			productType = "com.apple.product-type.application";
		};
/* End PBXNativeTarget section */

/* Begin PBXProject section */
		4C6C571D1E95E44400601CBA /* Project object */ = {
			isa = PBXProject;
			attributes = {
				LastSwiftUpdateCheck = 0820;
				LastUpgradeCheck = 0820;
				ORGANIZATIONNAME = IFlame;
				TargetAttributes = {
					4C6C57241E95E44400601CBA = {
						CreatedOnToolsVersion = 8.2;
						ProvisioningStyle = Automatic;
					};
				};
			};
			buildConfigurationList = 4C6C57201E95E44400601CBA /* Build configuration list for PBXProject "CollectionView Demo" */;
			compatibilityVersion = "Xcode 3.2";
			developmentRegion = English;
			hasScannedForEncodings = 0;
			knownRegions = (
				en,
				Base,
			);
			mainGroup = 4C6C571C1E95E44400601CBA;
			productRefGroup = 4C6C57261E95E44400601CBA /* Products */;
			projectDirPath = "";
			projectRoot = "";
			targets = (
				4C6C57241E95E44400601CBA /* CollectionView Demo */,
			);
		};
/* End PBXProject section */

/* Begin PBXResourcesBuildPhase section */
		4C6C57231E95E44400601CBA /* Resources */ = {
			isa = PBXResourcesBuildPhase;
			buildActionMask = 2147483647;
			files = (
				4C6C57331E95E44400601CBA /* LaunchScreen.storyboard in Resources */,
				4C6C57301E95E44400601CBA /* Assets.xcassets in Resources */,
				4C6C572E1E95E44400601CBA /* Main.storyboard in Resources */,
				4C6C57591E95EBFA00601CBA /* lion.jpeg in Resources */,
			);
			runOnlyForDeploymentPostprocessing = 0;
		};
/* End PBXResourcesBuildPhase section */

/* Begin PBXSourcesBuildPhase section */
		4C6C57211E95E44400601CBA /* Sources */ = {
			isa = PBXSourcesBuildPhase;
			buildActionMask = 2147483647;
			files = (
				4C6C572B1E95E44400601CBA /* ViewController.swift in Sources */,
				4C6C57291E95E44400601CBA /* AppDelegate.swift in Sources */,
				4C6C575B1E95ED0000601CBA /* CollectionViewCell.swift in Sources */,
			);
			runOnlyForDeploymentPostprocessing = 0;
		};
/* End PBXSourcesBuildPhase section */

/* Begin PBXVariantGroup section */
		4C6C572C1E95E44400601CBA /* Main.storyboard */ = {
			isa = PBXVariantGroup;
			children = (
				4C6C572D1E95E44400601CBA /* Base */,
			);
			name = Main.storyboard;
			sourceTree = "<group>";
		};
		4C6C57311E95E44400601CBA /* LaunchScreen.storyboard */ = {
			isa = PBXVariantGroup;
			children = (
				4C6C57321E95E44400601CBA /* Base */,
			);
			name = LaunchScreen.storyboard;
			sourceTree = "<group>";
		};
/* End PBXVariantGroup section */

/* Begin XCBuildConfiguration section */
		4C6C57351E95E44400601CBA /* Debug */ = {
			isa = XCBuildConfiguration;
			buildSettings = {
				ALWAYS_SEARCH_USER_PATHS = NO;
				CLANG_ANALYZER_NONNULL = YES;
				CLANG_CXX_LANGUAGE_STANDARD = "gnu++0x";
				CLANG_CXX_LIBRARY = "libc++";
				CLANG_ENABLE_MODULES = YES;
				CLANG_ENABLE_OBJC_ARC = YES;
				CLANG_WARN_BOOL_CONVERSION = YES;
				CLANG_WARN_CONSTANT_CONVERSION = YES;
				CLANG_WARN_DIRECT_OBJC_ISA_USAGE = YES_ERROR;
				CLANG_WARN_DOCUMENTATION_COMMENTS = YES;
				CLANG_WARN_EMPTY_BODY = YES;
				CLANG_WARN_ENUM_CONVERSION = YES;
				CLANG_WARN_INFINITE_RECURSION = YES;
				CLANG_WARN_INT_CONVERSION = YES;
				CLANG_WARN_OBJC_ROOT_CLASS = YES_ERROR;
				CLANG_WARN_SUSPICIOUS_MOVE = YES;
				CLANG_WARN_UNREACHABLE_CODE = YES;
				CLANG_WARN__DUPLICATE_METHOD_MATCH = YES;
				"CODE_SIGN_IDENTITY[sdk=iphoneos*]" = "iPhone Developer";
				COPY_PHASE_STRIP = NO;
				DEBUG_INFORMATION_FORMAT = dwarf;
				ENABLE_STRICT_OBJC_MSGSEND = YES;
				ENABLE_TESTABILITY = YES;
				GCC_C_LANGUAGE_STANDARD = gnu99;
				GCC_DYNAMIC_NO_PIC = NO;
				GCC_NO_COMMON_BLOCKS = YES;
				GCC_OPTIMIZATION_LEVEL = 0;
				GCC_PREPROCESSOR_DEFINITIONS = (
					"DEBUG=1",
					"$(inherited)",
				);
				GCC_WARN_64_TO_32_BIT_CONVERSION = YES;
				GCC_WARN_ABOUT_RETURN_TYPE = YES_ERROR;
				GCC_WARN_UNDECLARED_SELECTOR = YES;
				GCC_WARN_UNINITIALIZED_AUTOS = YES_AGGRESSIVE;
				GCC_WARN_UNUSED_FUNCTION = YES;
				GCC_WARN_UNUSED_VARIABLE = YES;
				IPHONEOS_DEPLOYMENT_TARGET = 10.2;
				MTL_ENABLE_DEBUG_INFO = YES;
				ONLY_ACTIVE_ARCH = YES;
				SDKROOT = iphoneos;
				SWIFT_ACTIVE_COMPILATION_CONDITIONS = DEBUG;
				SWIFT_OPTIMIZATION_LEVEL = "-Onone";
			};
			name = Debug;
		};
		4C6C57361E95E44400601CBA /* Release */ = {
			isa = XCBuildConfiguration;
			buildSettings = {
				ALWAYS_SEARCH_USER_PATHS = NO;
				CLANG_ANALYZER_NONNULL = YES;
				CLANG_CXX_LANGUAGE_STANDARD = "gnu++0x";
				CLANG_CXX_LIBRARY = "libc++";
				CLANG_ENABLE_MODULES = YES;
				CLANG_ENABLE_OBJC_ARC = YES;
				CLANG_WARN_BOOL_CONVERSION = YES;
				CLANG_WARN_CONSTANT_CONVERSION = YES;
				CLANG_WARN_DIRECT_OBJC_ISA_USAGE = YES_ERROR;
				CLANG_WARN_DOCUMENTATION_COMMENTS = YES;
				CLANG_WARN_EMPTY_BODY = YES;
				CLANG_WARN_ENUM_CONVERSION = YES;
				CLANG_WARN_INFINITE_RECURSION = YES;
				CLANG_WARN_INT_CONVERSION = YES;
				CLANG_WARN_OBJC_ROOT_CLASS = YES_ERROR;
				CLANG_WARN_SUSPICIOUS_MOVE = YES;
				CLANG_WARN_UNREACHABLE_CODE = YES;
				CLANG_WARN__DUPLICATE_METHOD_MATCH = YES;
				"CODE_SIGN_IDENTITY[sdk=iphoneos*]" = "iPhone Developer";
				COPY_PHASE_STRIP = NO;
				DEBUG_INFORMATION_FORMAT = "dwarf-with-dsym";
				ENABLE_NS_ASSERTIONS = NO;
				ENABLE_STRICT_OBJC_MSGSEND = YES;
				GCC_C_LANGUAGE_STANDARD = gnu99;
				GCC_NO_COMMON_BLOCKS = YES;
				GCC_WARN_64_TO_32_BIT_CONVERSION = YES;
				GCC_WARN_ABOUT_RETURN_TYPE = YES_ERROR;
				GCC_WARN_UNDECLARED_SELECTOR = YES;
				GCC_WARN_UNINITIALIZED_AUTOS = YES_AGGRESSIVE;
				GCC_WARN_UNUSED_FUNCTION = YES;
				GCC_WARN_UNUSED_VARIABLE = YES;
				IPHONEOS_DEPLOYMENT_TARGET = 10.2;
				MTL_ENABLE_DEBUG_INFO = NO;
				SDKROOT = iphoneos;
				SWIFT_OPTIMIZATION_LEVEL = "-Owholemodule";
				VALIDATE_PRODUCT = YES;
			};
			name = Release;
		};
		4C6C57381E95E44400601CBA /* Debug */ = {
			isa = XCBuildConfiguration;
			buildSettings = {
				ASSETCATALOG_COMPILER_APPICON_NAME = AppIcon;
				INFOPLIST_FILE = "CollectionView Demo/Info.plist";
				LD_RUNPATH_SEARCH_PATHS = "$(inherited) @executable_path/Frameworks";
				PRODUCT_BUNDLE_IDENTIFIER = "com.iflame.CollectionView-Demo";
				PRODUCT_NAME = "$(TARGET_NAME)";
				SWIFT_VERSION = 3.0;
			};
			name = Debug;
		};
		4C6C57391E95E44400601CBA /* Release */ = {
			isa = XCBuildConfiguration;
			buildSettings = {
				ASSETCATALOG_COMPILER_APPICON_NAME = AppIcon;
				INFOPLIST_FILE = "CollectionView Demo/Info.plist";
				LD_RUNPATH_SEARCH_PATHS = "$(inherited) @executable_path/Frameworks";
				PRODUCT_BUNDLE_IDENTIFIER = "com.iflame.CollectionView-Demo";
				PRODUCT_NAME = "$(TARGET_NAME)";
				SWIFT_VERSION = 3.0;
			};
			name = Release;
		};
/* End XCBuildConfiguration section */

/* Begin XCConfigurationList section */
		4C6C57201E95E44400601CBA /* Build configuration list for PBXProject "CollectionView Demo" */ = {
			isa = XCConfigurationList;
			buildConfigurations = (
				4C6C57351E95E44400601CBA /* Debug */,
				4C6C57361E95E44400601CBA /* Release */,
			);
			defaultConfigurationIsVisible = 0;
			defaultConfigurationName = Release;
		};
		4C6C57371E95E44400601CBA /* Build configuration list for PBXNativeTarget "CollectionView Demo" */ = {
			isa = XCConfigurationList;
			buildConfigurations = (
				4C6C57381E95E44400601CBA /* Debug */,
				4C6C57391E95E44400601CBA /* Release */,
			);
			defaultConfigurationIsVisible = 0;
			defaultConfigurationName = Release;
		};
/* End XCConfigurationList section */
	};
	rootObject = 4C6C571D1E95E44400601CBA /* Project object */;
}
